
Microsoft Visual Studio Solution File, Format Version 12.00
# Visual Studio Version 17
VisualStudioVersion = 17.0.32014.148
MinimumVisualStudioVersion = 10.0.40219.1
Project("{FAE04EC0-301F-11D3-BF4B-00C04F79EFBC}") = "Nackowskis", "Nackowskis\Nackowskis.csproj", "{F6F70A16-7182-434B-8374-FE8C03282B6A}"
EndProject
Global
	GlobalSection(SolutionConfigurationPlatforms) = preSolution
		Debug|Any CPU = Debug|Any CPU
		Release|Any CPU = Release|Any CPU
	EndGlobalSection
	GlobalSection(ProjectConfigurationPlatforms) = postSolution
		{F6F70A16-7182-434B-8374-FE8C03282B6A}.Debug|Any CPU.ActiveCfg = Debug|Any CPU
		{F6F70A16-7182-434B-8374-FE8C03282B6A}.Debug|Any CPU.Build.0 = Debug|Any CPU
		{F6F70A16-7182-434B-8374-FE8C03282B6A}.Release|Any CPU.ActiveCfg = Release|Any CPU
		{F6F70A16-7182-434B-8374-FE8C03282B6A}.Release|Any CPU.Build.0 = Release|Any CPU
	EndGlobalSection
	GlobalSection(SolutionProperties) = preSolution
		HideSolutionNode = FALSE
	EndGlobalSection
	GlobalSection(ExtensibilityGlobals) = postSolution
		SolutionGuid = {9CF014D9-3D7F-466D-A9B0-49B8E2983AD0}
	EndGlobalSection
EndGlobal
